
Microsoft Visual Studio Solution File, Format Version 12.00
# Visual Studio 15
VisualStudioVersion = 15.0.26403.0
MinimumVisualStudioVersion = 10.0.40219.1
Project("{FAE04EC0-301F-11D3-BF4B-00C04F79EFBC}") = "VPostPrices_ControlPanel", "VPostPrices_ControlPanel\VPostPrices_ControlPanel.csproj", "{639C61ED-6C84-46D6-90E2-E69AF1B0423F}"
EndProject
Global
	GlobalSection(SolutionConfigurationPlatforms) = preSolution
		Debug|Any CPU = Debug|Any CPU
		Release|Any CPU = Release|Any CPU
	EndGlobalSection
	GlobalSection(ProjectConfigurationPlatforms) = postSolution
		{639C61ED-6C84-46D6-90E2-E69AF1B0423F}.Debug|Any CPU.ActiveCfg = Debug|Any CPU
		{639C61ED-6C84-46D6-90E2-E69AF1B0423F}.Debug|Any CPU.Build.0 = Debug|Any CPU
		{639C61ED-6C84-46D6-90E2-E69AF1B0423F}.Release|Any CPU.ActiveCfg = Release|Any CPU
		{639C61ED-6C84-46D6-90E2-E69AF1B0423F}.Release|Any CPU.Build.0 = Release|Any CPU
	EndGlobalSection
	GlobalSection(SolutionProperties) = preSolution
		HideSolutionNode = FALSE
	EndGlobalSection
EndGlobal
